
Microsoft Visual Studio Solution File, Format Version 12.00
# Visual Studio Version 17
VisualStudioVersion = 17.3.32901.215
MinimumVisualStudioVersion = 10.0.40219.1
Project("{FAE04EC0-301F-11D3-BF4B-00C04F79EFBC}") = "ornek2", "ornek2\ornek2.csproj", "{64CE1478-E1B7-42D4-9AF9-A7647CEFA129}"
EndProject
Global
	GlobalSection(SolutionConfigurationPlatforms) = preSolution
		Debug|Any CPU = Debug|Any CPU
		Release|Any CPU = Release|Any CPU
	EndGlobalSection
	GlobalSection(ProjectConfigurationPlatforms) = postSolution
		{64CE1478-E1B7-42D4-9AF9-A7647CEFA129}.Debug|Any CPU.ActiveCfg = Debug|Any CPU
		{64CE1478-E1B7-42D4-9AF9-A7647CEFA129}.Debug|Any CPU.Build.0 = Debug|Any CPU
		{64CE1478-E1B7-42D4-9AF9-A7647CEFA129}.Release|Any CPU.ActiveCfg = Release|Any CPU
		{64CE1478-E1B7-42D4-9AF9-A7647CEFA129}.Release|Any CPU.Build.0 = Release|Any CPU
	EndGlobalSection
	GlobalSection(SolutionProperties) = preSolution
		HideSolutionNode = FALSE
	EndGlobalSection
	GlobalSection(ExtensibilityGlobals) = postSolution
		SolutionGuid = {63EBE646-7F8A-422B-8C32-845C312A1D0F}
	EndGlobalSection
EndGlobal
